
Microsoft Visual Studio Solution File, Format Version 12.00
# Visual Studio 2013
VisualStudioVersion = 12.0.40629.0
MinimumVisualStudioVersion = 10.0.40219.1
Project("{FAE04EC0-301F-11D3-BF4B-00C04F79EFBC}") = "SortCompare", "SortCompare\SortCompare.csproj", "{D10B4A46-9299-46CA-8F8C-C88C216ABBFB}"
EndProject
Global
	GlobalSection(SolutionConfigurationPlatforms) = preSolution
		Debug|Any CPU = Debug|Any CPU
		Release|Any CPU = Release|Any CPU
	EndGlobalSection
	GlobalSection(ProjectConfigurationPlatforms) = postSolution
		{D10B4A46-9299-46CA-8F8C-C88C216ABBFB}.Debug|Any CPU.ActiveCfg = Debug|Any CPU
		{D10B4A46-9299-46CA-8F8C-C88C216ABBFB}.Debug|Any CPU.Build.0 = Debug|Any CPU
		{D10B4A46-9299-46CA-8F8C-C88C216ABBFB}.Release|Any CPU.ActiveCfg = Release|Any CPU
		{D10B4A46-9299-46CA-8F8C-C88C216ABBFB}.Release|Any CPU.Build.0 = Release|Any CPU
	EndGlobalSection
	GlobalSection(SolutionProperties) = preSolution
		HideSolutionNode = FALSE
	EndGlobalSection
EndGlobal
